
Microsoft Visual Studio Solution File, Format Version 12.00
# Visual Studio Version 17
VisualStudioVersion = 17.5.33424.131
MinimumVisualStudioVersion = 10.0.40219.1
Project("{FAE04EC0-301F-11D3-BF4B-00C04F79EFBC}") = "Azure_DZ1", "Azure_DZ1\Azure_DZ1.csproj", "{632B3CC0-135D-48B4-B68E-7AAA24EA6EDE}"
EndProject
Global
	GlobalSection(SolutionConfigurationPlatforms) = preSolution
		Debug|Any CPU = Debug|Any CPU
		Release|Any CPU = Release|Any CPU
	EndGlobalSection
	GlobalSection(ProjectConfigurationPlatforms) = postSolution
		{632B3CC0-135D-48B4-B68E-7AAA24EA6EDE}.Debug|Any CPU.ActiveCfg = Debug|Any CPU
		{632B3CC0-135D-48B4-B68E-7AAA24EA6EDE}.Debug|Any CPU.Build.0 = Debug|Any CPU
		{632B3CC0-135D-48B4-B68E-7AAA24EA6EDE}.Release|Any CPU.ActiveCfg = Release|Any CPU
		{632B3CC0-135D-48B4-B68E-7AAA24EA6EDE}.Release|Any CPU.Build.0 = Release|Any CPU
	EndGlobalSection
	GlobalSection(SolutionProperties) = preSolution
		HideSolutionNode = FALSE
	EndGlobalSection
	GlobalSection(ExtensibilityGlobals) = postSolution
		SolutionGuid = {4744E800-FA3F-4BCF-936E-AAC6F50E1515}
	EndGlobalSection
EndGlobal
